// !$*UTF8*$!
{
	archiveVersion = 1;
	classes = {
	};
	objectVersion = 56;
	objects = {

/* Begin PBXBuildFile section */
		D63258F9298A57C6006363CF /* ShimmerView.swift in Sources */ = {isa = PBXBuildFile; fileRef = D63258F8298A57C6006363CF /* ShimmerView.swift */; };
		D63258FE298A6765006363CF /* VideoCellContent.swift in Sources */ = {isa = PBXBuildFile; fileRef = D63258FD298A6765006363CF /* VideoCellContent.swift */; };
		D634D1F9298BDF4F002BCF24 /* Setting.swift in Sources */ = {isa = PBXBuildFile; fileRef = D634D1F8298BDF4F002BCF24 /* Setting.swift */; };
		D634D1FB298BEFB0002BCF24 /* SettingController.swift in Sources */ = {isa = PBXBuildFile; fileRef = D634D1FA298BEFB0002BCF24 /* SettingController.swift */; };
		D634D200298C00F9002BCF24 /* GesturePublisher.swift in Sources */ = {isa = PBXBuildFile; fileRef = D634D1FF298C00F9002BCF24 /* GesturePublisher.swift */; };
		D634D202298C011A002BCF24 /* GestureType.swift in Sources */ = {isa = PBXBuildFile; fileRef = D634D201298C011A002BCF24 /* GestureType.swift */; };
		D634D204298C02E2002BCF24 /* GestureSubscription.swift in Sources */ = {isa = PBXBuildFile; fileRef = D634D203298C02E2002BCF24 /* GestureSubscription.swift */; };
		D634D206298C0597002BCF24 /* GesturePublisherImplementations.swift in Sources */ = {isa = PBXBuildFile; fileRef = D634D205298C0597002BCF24 /* GesturePublisherImplementations.swift */; };
		D634D20A298C07D8002BCF24 /* ControlSubscription.swift in Sources */ = {isa = PBXBuildFile; fileRef = D634D209298C07D8002BCF24 /* ControlSubscription.swift */; };
		D634D20C298C0990002BCF24 /* ControlPublisher.swift in Sources */ = {isa = PBXBuildFile; fileRef = D634D20B298C0990002BCF24 /* ControlPublisher.swift */; };
		D634D20E298C0AF3002BCF24 /* ControlPublisherImplementations.swift in Sources */ = {isa = PBXBuildFile; fileRef = D634D20D298C0AF3002BCF24 /* ControlPublisherImplementations.swift */; };
		D634D211298C0D82002BCF24 /* BarButtonSubscription.swift in Sources */ = {isa = PBXBuildFile; fileRef = D634D210298C0D82002BCF24 /* BarButtonSubscription.swift */; };
		D634D213298C0F52002BCF24 /* BarButtonPublisher.swift in Sources */ = {isa = PBXBuildFile; fileRef = D634D212298C0F52002BCF24 /* BarButtonPublisher.swift */; };
		D634D215298C0FC8002BCF24 /* BarButtonPublisherImplementations.swift in Sources */ = {isa = PBXBuildFile; fileRef = D634D214298C0FC8002BCF24 /* BarButtonPublisherImplementations.swift */; };
		D634D218298C15ED002BCF24 /* NetworkError.swift in Sources */ = {isa = PBXBuildFile; fileRef = D634D217298C15ED002BCF24 /* NetworkError.swift */; };
		D634D21A298C1608002BCF24 /* HTTPURLResponse+Extensions.swift in Sources */ = {isa = PBXBuildFile; fileRef = D634D219298C1608002BCF24 /* HTTPURLResponse+Extensions.swift */; };
		D634D21C298C1666002BCF24 /* Menu.swift in Sources */ = {isa = PBXBuildFile; fileRef = D634D21B298C1666002BCF24 /* Menu.swift */; };
		D634D21F298C6863002BCF24 /* FeedCell.swift in Sources */ = {isa = PBXBuildFile; fileRef = D634D21E298C6863002BCF24 /* FeedCell.swift */; };
		D635AE4629896143000B5659 /* MenuBar.swift in Sources */ = {isa = PBXBuildFile; fileRef = D635AE4529896143000B5659 /* MenuBar.swift */; };
		D635AE4829896C30000B5659 /* MenuCell.swift in Sources */ = {isa = PBXBuildFile; fileRef = D635AE4729896C30000B5659 /* MenuCell.swift */; };
		D635AE4A29896C9C000B5659 /* BaseCell.swift in Sources */ = {isa = PBXBuildFile; fileRef = D635AE4929896C9C000B5659 /* BaseCell.swift */; };
		D635AE4D29897D2D000B5659 /* Video.swift in Sources */ = {isa = PBXBuildFile; fileRef = D635AE4C29897D2D000B5659 /* Video.swift */; };
		D635AE4F29897FA2000B5659 /* Collection+Extensions.swift in Sources */ = {isa = PBXBuildFile; fileRef = D635AE4E29897FA2000B5659 /* Collection+Extensions.swift */; };
		D635AE512989832A000B5659 /* Channel.swift in Sources */ = {isa = PBXBuildFile; fileRef = D635AE502989832A000B5659 /* Channel.swift */; };
		D635AE5329899128000B5659 /* Date+Extensions.swift in Sources */ = {isa = PBXBuildFile; fileRef = D635AE5229899128000B5659 /* Date+Extensions.swift */; };
		D63D2484298AD300006FCDA3 /* ModalController.swift in Sources */ = {isa = PBXBuildFile; fileRef = D63D2483298AD300006FCDA3 /* ModalController.swift */; };
		D63D2486298AF828006FCDA3 /* SettingView.swift in Sources */ = {isa = PBXBuildFile; fileRef = D63D2485298AF828006FCDA3 /* SettingView.swift */; };
		D63D2489298AFB7F006FCDA3 /* SettingCell.swift in Sources */ = {isa = PBXBuildFile; fileRef = D63D2488298AFB7F006FCDA3 /* SettingCell.swift */; };
		D648638C29999349007DA5B4 /* EndPoint.swift in Sources */ = {isa = PBXBuildFile; fileRef = D648638B29999349007DA5B4 /* EndPoint.swift */; };
		D648638E29999E92007DA5B4 /* TimeInterval+Extensions.swift in Sources */ = {isa = PBXBuildFile; fileRef = D648638D29999E92007DA5B4 /* TimeInterval+Extensions.swift */; };
		D64863902999B964007DA5B4 /* DiffableCollection.swift in Sources */ = {isa = PBXBuildFile; fileRef = D648638F2999B964007DA5B4 /* DiffableCollection.swift */; };
		D64D8AB1299AB58B00F2FAC1 /* VideoView.swift in Sources */ = {isa = PBXBuildFile; fileRef = D64D8AB0299AB58B00F2FAC1 /* VideoView.swift */; };
		D64D8AB4299ACC2700F2FAC1 /* VideoPlayerView.swift in Sources */ = {isa = PBXBuildFile; fileRef = D64D8AB3299ACC2700F2FAC1 /* VideoPlayerView.swift */; };
		D64D8AB7299AD69E00F2FAC1 /* VideoPlayerPublisher.swift in Sources */ = {isa = PBXBuildFile; fileRef = D64D8AB6299AD69E00F2FAC1 /* VideoPlayerPublisher.swift */; };
		D64D8AB9299AD79200F2FAC1 /* VideoPlayerSubscriptions.swift in Sources */ = {isa = PBXBuildFile; fileRef = D64D8AB8299AD79200F2FAC1 /* VideoPlayerSubscriptions.swift */; };
		D64D8ABB299ADC2000F2FAC1 /* VideoPlayerPublisherImplementations.swift in Sources */ = {isa = PBXBuildFile; fileRef = D64D8ABA299ADC2000F2FAC1 /* VideoPlayerPublisherImplementations.swift */; };
		D64D8ABD299ADFAA00F2FAC1 /* VideoControlView.swift in Sources */ = {isa = PBXBuildFile; fileRef = D64D8ABC299ADFAA00F2FAC1 /* VideoControlView.swift */; };
		D651875029888A3600362A46 /* UIColor+Extensions.swift in Sources */ = {isa = PBXBuildFile; fileRef = D651874F29888A3600362A46 /* UIColor+Extensions.swift */; };
		D66A95332990E5CA003D2B6B /* TrendingCell.swift in Sources */ = {isa = PBXBuildFile; fileRef = D66A95322990E5CA003D2B6B /* TrendingCell.swift */; };
		D66A95352990E5E3003D2B6B /* SubscriptionsCell.swift in Sources */ = {isa = PBXBuildFile; fileRef = D66A95342990E5E3003D2B6B /* SubscriptionsCell.swift */; };
		D66A95372990E5ED003D2B6B /* AccountCell.swift in Sources */ = {isa = PBXBuildFile; fileRef = D66A95362990E5ED003D2B6B /* AccountCell.swift */; };
		D66A95392990EDF4003D2B6B /* Publisher+Extensions.swift in Sources */ = {isa = PBXBuildFile; fileRef = D66A95382990EDF4003D2B6B /* Publisher+Extensions.swift */; };
		D682F74F298117530053A5FE /* AppDelegate.swift in Sources */ = {isa = PBXBuildFile; fileRef = D682F74E298117530053A5FE /* AppDelegate.swift */; };
		D682F751298117530053A5FE /* SceneDelegate.swift in Sources */ = {isa = PBXBuildFile; fileRef = D682F750298117530053A5FE /* SceneDelegate.swift */; };
		D682F753298117530053A5FE /* HomeController.swift in Sources */ = {isa = PBXBuildFile; fileRef = D682F752298117530053A5FE /* HomeController.swift */; };
		D682F758298117540053A5FE /* Assets.xcassets in Resources */ = {isa = PBXBuildFile; fileRef = D682F757298117540053A5FE /* Assets.xcassets */; };
		D682F75B298117540053A5FE /* LaunchScreen.storyboard in Resources */ = {isa = PBXBuildFile; fileRef = D682F759298117540053A5FE /* LaunchScreen.storyboard */; };
		D682F766298117540053A5FE /* YoutubeTutorialTests.swift in Sources */ = {isa = PBXBuildFile; fileRef = D682F765298117540053A5FE /* YoutubeTutorialTests.swift */; };
		D682F770298117540053A5FE /* YoutubeTutorialUITests.swift in Sources */ = {isa = PBXBuildFile; fileRef = D682F76F298117540053A5FE /* YoutubeTutorialUITests.swift */; };
		D682F772298117540053A5FE /* YoutubeTutorialUITestsLaunchTests.swift in Sources */ = {isa = PBXBuildFile; fileRef = D682F771298117540053A5FE /* YoutubeTutorialUITestsLaunchTests.swift */; };
		D682F77F298128F60053A5FE /* UICollectionView+Extensions.swift in Sources */ = {isa = PBXBuildFile; fileRef = D682F77E298128F60053A5FE /* UICollectionView+Extensions.swift */; };
		D682F7812981291C0053A5FE /* Identifiable+Extensions.swift in Sources */ = {isa = PBXBuildFile; fileRef = D682F7802981291C0053A5FE /* Identifiable+Extensions.swift */; };
		D682F7832981295A0053A5FE /* UIView+Extensions.swift in Sources */ = {isa = PBXBuildFile; fileRef = D682F7822981295A0053A5FE /* UIView+Extensions.swift */; };
		D682F78529813BBF0053A5FE /* UIEdgeInsets+Extensions.swift in Sources */ = {isa = PBXBuildFile; fileRef = D682F78429813BBF0053A5FE /* UIEdgeInsets+Extensions.swift */; };
		D68C810D29A897B6002FF4EF /* Float64+Extensions.swift in Sources */ = {isa = PBXBuildFile; fileRef = D68C810C29A897B6002FF4EF /* Float64+Extensions.swift */; };
		D68C811629A9A996002FF4EF /* AppUtility.swift in Sources */ = {isa = PBXBuildFile; fileRef = D68C811529A9A996002FF4EF /* AppUtility.swift */; };
		D6A8DC50298A353500DA16BD /* home.json in Resources */ = {isa = PBXBuildFile; fileRef = D6A8DC4F298A353500DA16BD /* home.json */; };
		D6A8DC52298A356700DA16BD /* NetworkManager.swift in Sources */ = {isa = PBXBuildFile; fileRef = D6A8DC51298A356700DA16BD /* NetworkManager.swift */; };
		D6BAAF2229A37BFE0056E8C0 /* PreviousValueOperator.swift in Sources */ = {isa = PBXBuildFile; fileRef = D6BAAF2129A37BFE0056E8C0 /* PreviousValueOperator.swift */; };
		D6BAAF2529A56CDC0056E8C0 /* AsyncImageView.swift in Sources */ = {isa = PBXBuildFile; fileRef = D6BAAF2429A56CDC0056E8C0 /* AsyncImageView.swift */; };
		D6BAAF2929A57D280056E8C0 /* VideoCellLoading.swift in Sources */ = {isa = PBXBuildFile; fileRef = D6BAAF2729A57D280056E8C0 /* VideoCellLoading.swift */; };
		D6BAAF2B29A5CDCC0056E8C0 /* CancelOperator.swift in Sources */ = {isa = PBXBuildFile; fileRef = D6BAAF2A29A5CDCC0056E8C0 /* CancelOperator.swift */; };
		D6F9C07629B1E315005C813F /* NotificationName.swift in Sources */ = {isa = PBXBuildFile; fileRef = D6F9C07529B1E315005C813F /* NotificationName.swift */; };
		D6F9C07A29B1F57E005C813F /* MainNavigationController.swift in Sources */ = {isa = PBXBuildFile; fileRef = D6F9C07929B1F57E005C813F /* MainNavigationController.swift */; };
		D6F9C07C29B1F600005C813F /* UINavigationController+Extensions.swift in Sources */ = {isa = PBXBuildFile; fileRef = D6F9C07B29B1F600005C813F /* UINavigationController+Extensions.swift */; };
		D6F9C07F29B5E031005C813F /* VideoButtonType.swift in Sources */ = {isa = PBXBuildFile; fileRef = D6F9C07E29B5E031005C813F /* VideoButtonType.swift */; };
		D6F9C08229B5F80F005C813F /* LockButton.swift in Sources */ = {isa = PBXBuildFile; fileRef = D6F9C08129B5F80F005C813F /* LockButton.swift */; };
		D6F9C08429BB01CF005C813F /* VideoButton.swift in Sources */ = {isa = PBXBuildFile; fileRef = D6F9C08329BB01CF005C813F /* VideoButton.swift */; };
		D6F9C08629BB4A2E005C813F /* PlaybackSpeedView.swift in Sources */ = {isa = PBXBuildFile; fileRef = D6F9C08529BB4A2E005C813F /* PlaybackSpeedView.swift */; };
/* End PBXBuildFile section */

/* Begin PBXContainerItemProxy section */
		D682F762298117540053A5FE /* PBXContainerItemProxy */ = {
			isa = PBXContainerItemProxy;
			containerPortal = D682F743298117530053A5FE /* Project object */;
			proxyType = 1;
			remoteGlobalIDString = D682F74A298117530053A5FE;
			remoteInfo = YoutubeTutorial;
		};
		D682F76C298117540053A5FE /* PBXContainerItemProxy */ = {
			isa = PBXContainerItemProxy;
			containerPortal = D682F743298117530053A5FE /* Project object */;
			proxyType = 1;
			remoteGlobalIDString = D682F74A298117530053A5FE;
			remoteInfo = YoutubeTutorial;
		};
/* End PBXContainerItemProxy section */

/* Begin PBXFileReference section */
		D63258F8298A57C6006363CF /* ShimmerView.swift */ = {isa = PBXFileReference; lastKnownFileType = sourcecode.swift; path = ShimmerView.swift; sourceTree = "<group>"; };
		D63258FD298A6765006363CF /* VideoCellContent.swift */ = {isa = PBXFileReference; lastKnownFileType = sourcecode.swift; path = VideoCellContent.swift; sourceTree = "<group>"; };
		D634D1F8298BDF4F002BCF24 /* Setting.swift */ = {isa = PBXFileReference; lastKnownFileType = sourcecode.swift; path = Setting.swift; sourceTree = "<group>"; };
		D634D1FA298BEFB0002BCF24 /* SettingController.swift */ = {isa = PBXFileReference; lastKnownFileType = sourcecode.swift; path = SettingController.swift; sourceTree = "<group>"; };
		D634D1FF298C00F9002BCF24 /* GesturePublisher.swift */ = {isa = PBXFileReference; lastKnownFileType = sourcecode.swift; path = GesturePublisher.swift; sourceTree = "<group>"; };
		D634D201298C011A002BCF24 /* GestureType.swift */ = {isa = PBXFileReference; lastKnownFileType = sourcecode.swift; path = GestureType.swift; sourceTree = "<group>"; };
		D634D203298C02E2002BCF24 /* GestureSubscription.swift */ = {isa = PBXFileReference; lastKnownFileType = sourcecode.swift; path = GestureSubscription.swift; sourceTree = "<group>"; };
		D634D205298C0597002BCF24 /* GesturePublisherImplementations.swift */ = {isa = PBXFileReference; lastKnownFileType = sourcecode.swift; path = GesturePublisherImplementations.swift; sourceTree = "<group>"; };
		D634D209298C07D8002BCF24 /* ControlSubscription.swift */ = {isa = PBXFileReference; lastKnownFileType = sourcecode.swift; path = ControlSubscription.swift; sourceTree = "<group>"; };
		D634D20B298C0990002BCF24 /* ControlPublisher.swift */ = {isa = PBXFileReference; lastKnownFileType = sourcecode.swift; path = ControlPublisher.swift; sourceTree = "<group>"; };
		D634D20D298C0AF3002BCF24 /* ControlPublisherImplementations.swift */ = {isa = PBXFileReference; lastKnownFileType = sourcecode.swift; path = ControlPublisherImplementations.swift; sourceTree = "<group>"; };
		D634D210298C0D82002BCF24 /* BarButtonSubscription.swift */ = {isa = PBXFileReference; lastKnownFileType = sourcecode.swift; path = BarButtonSubscription.swift; sourceTree = "<group>"; };
		D634D212298C0F52002BCF24 /* BarButtonPublisher.swift */ = {isa = PBXFileReference; lastKnownFileType = sourcecode.swift; path = BarButtonPublisher.swift; sourceTree = "<group>"; };
		D634D214298C0FC8002BCF24 /* BarButtonPublisherImplementations.swift */ = {isa = PBXFileReference; lastKnownFileType = sourcecode.swift; path = BarButtonPublisherImplementations.swift; sourceTree = "<group>"; };
		D634D217298C15ED002BCF24 /* NetworkError.swift */ = {isa = PBXFileReference; lastKnownFileType = sourcecode.swift; path = NetworkError.swift; sourceTree = "<group>"; };
		D634D219298C1608002BCF24 /* HTTPURLResponse+Extensions.swift */ = {isa = PBXFileReference; lastKnownFileType = sourcecode.swift; path = "HTTPURLResponse+Extensions.swift"; sourceTree = "<group>"; };
		D634D21B298C1666002BCF24 /* Menu.swift */ = {isa = PBXFileReference; lastKnownFileType = sourcecode.swift; path = Menu.swift; sourceTree = "<group>"; };
		D634D21E298C6863002BCF24 /* FeedCell.swift */ = {isa = PBXFileReference; lastKnownFileType = sourcecode.swift; path = FeedCell.swift; sourceTree = "<group>"; };
		D635AE4529896143000B5659 /* MenuBar.swift */ = {isa = PBXFileReference; lastKnownFileType = sourcecode.swift; path = MenuBar.swift; sourceTree = "<group>"; };
		D635AE4729896C30000B5659 /* MenuCell.swift */ = {isa = PBXFileReference; lastKnownFileType = sourcecode.swift; path = MenuCell.swift; sourceTree = "<group>"; };
		D635AE4929896C9C000B5659 /* BaseCell.swift */ = {isa = PBXFileReference; lastKnownFileType = sourcecode.swift; path = BaseCell.swift; sourceTree = "<group>"; };
		D635AE4C29897D2D000B5659 /* Video.swift */ = {isa = PBXFileReference; lastKnownFileType = sourcecode.swift; path = Video.swift; sourceTree = "<group>"; };
		D635AE4E29897FA2000B5659 /* Collection+Extensions.swift */ = {isa = PBXFileReference; lastKnownFileType = sourcecode.swift; path = "Collection+Extensions.swift"; sourceTree = "<group>"; };
		D635AE502989832A000B5659 /* Channel.swift */ = {isa = PBXFileReference; lastKnownFileType = sourcecode.swift; path = Channel.swift; sourceTree = "<group>"; };
		D635AE5229899128000B5659 /* Date+Extensions.swift */ = {isa = PBXFileReference; lastKnownFileType = sourcecode.swift; path = "Date+Extensions.swift"; sourceTree = "<group>"; };
		D63D2483298AD300006FCDA3 /* ModalController.swift */ = {isa = PBXFileReference; lastKnownFileType = sourcecode.swift; path = ModalController.swift; sourceTree = "<group>"; };
		D63D2485298AF828006FCDA3 /* SettingView.swift */ = {isa = PBXFileReference; lastKnownFileType = sourcecode.swift; path = SettingView.swift; sourceTree = "<group>"; };
		D63D2488298AFB7F006FCDA3 /* SettingCell.swift */ = {isa = PBXFileReference; lastKnownFileType = sourcecode.swift; path = SettingCell.swift; sourceTree = "<group>"; };
		D648638B29999349007DA5B4 /* EndPoint.swift */ = {isa = PBXFileReference; lastKnownFileType = sourcecode.swift; path = EndPoint.swift; sourceTree = "<group>"; };
		D648638D29999E92007DA5B4 /* TimeInterval+Extensions.swift */ = {isa = PBXFileReference; lastKnownFileType = sourcecode.swift; path = "TimeInterval+Extensions.swift"; sourceTree = "<group>"; };
		D648638F2999B964007DA5B4 /* DiffableCollection.swift */ = {isa = PBXFileReference; lastKnownFileType = sourcecode.swift; path = DiffableCollection.swift; sourceTree = "<group>"; };
		D64D8AB0299AB58B00F2FAC1 /* VideoView.swift */ = {isa = PBXFileReference; lastKnownFileType = sourcecode.swift; path = VideoView.swift; sourceTree = "<group>"; };
		D64D8AB3299ACC2700F2FAC1 /* VideoPlayerView.swift */ = {isa = PBXFileReference; lastKnownFileType = sourcecode.swift; path = VideoPlayerView.swift; sourceTree = "<group>"; };
		D64D8AB6299AD69E00F2FAC1 /* VideoPlayerPublisher.swift */ = {isa = PBXFileReference; lastKnownFileType = sourcecode.swift; path = VideoPlayerPublisher.swift; sourceTree = "<group>"; };
		D64D8AB8299AD79200F2FAC1 /* VideoPlayerSubscriptions.swift */ = {isa = PBXFileReference; lastKnownFileType = sourcecode.swift; path = VideoPlayerSubscriptions.swift; sourceTree = "<group>"; };
		D64D8ABA299ADC2000F2FAC1 /* VideoPlayerPublisherImplementations.swift */ = {isa = PBXFileReference; lastKnownFileType = sourcecode.swift; path = VideoPlayerPublisherImplementations.swift; sourceTree = "<group>"; };
		D64D8ABC299ADFAA00F2FAC1 /* VideoControlView.swift */ = {isa = PBXFileReference; lastKnownFileType = sourcecode.swift; path = VideoControlView.swift; sourceTree = "<group>"; };
		D651874F29888A3600362A46 /* UIColor+Extensions.swift */ = {isa = PBXFileReference; lastKnownFileType = sourcecode.swift; path = "UIColor+Extensions.swift"; sourceTree = "<group>"; };
		D66A95322990E5CA003D2B6B /* TrendingCell.swift */ = {isa = PBXFileReference; lastKnownFileType = sourcecode.swift; path = TrendingCell.swift; sourceTree = "<group>"; };
		D66A95342990E5E3003D2B6B /* SubscriptionsCell.swift */ = {isa = PBXFileReference; lastKnownFileType = sourcecode.swift; path = SubscriptionsCell.swift; sourceTree = "<group>"; };
		D66A95362990E5ED003D2B6B /* AccountCell.swift */ = {isa = PBXFileReference; lastKnownFileType = sourcecode.swift; path = AccountCell.swift; sourceTree = "<group>"; };
		D66A95382990EDF4003D2B6B /* Publisher+Extensions.swift */ = {isa = PBXFileReference; lastKnownFileType = sourcecode.swift; path = "Publisher+Extensions.swift"; sourceTree = "<group>"; };
		D682F74B298117530053A5FE /* YoutubeTutorial.app */ = {isa = PBXFileReference; explicitFileType = wrapper.application; includeInIndex = 0; path = YoutubeTutorial.app; sourceTree = BUILT_PRODUCTS_DIR; };
		D682F74E298117530053A5FE /* AppDelegate.swift */ = {isa = PBXFileReference; lastKnownFileType = sourcecode.swift; path = AppDelegate.swift; sourceTree = "<group>"; };
		D682F750298117530053A5FE /* SceneDelegate.swift */ = {isa = PBXFileReference; lastKnownFileType = sourcecode.swift; path = SceneDelegate.swift; sourceTree = "<group>"; };
		D682F752298117530053A5FE /* HomeController.swift */ = {isa = PBXFileReference; lastKnownFileType = sourcecode.swift; path = HomeController.swift; sourceTree = "<group>"; };
		D682F757298117540053A5FE /* Assets.xcassets */ = {isa = PBXFileReference; lastKnownFileType = folder.assetcatalog; path = Assets.xcassets; sourceTree = "<group>"; };
		D682F75A298117540053A5FE /* Base */ = {isa = PBXFileReference; lastKnownFileType = file.storyboard; name = Base; path = Base.lproj/LaunchScreen.storyboard; sourceTree = "<group>"; };
		D682F75C298117540053A5FE /* Info.plist */ = {isa = PBXFileReference; lastKnownFileType = text.plist.xml; path = Info.plist; sourceTree = "<group>"; };
		D682F761298117540053A5FE /* YoutubeTutorialTests.xctest */ = {isa = PBXFileReference; explicitFileType = wrapper.cfbundle; includeInIndex = 0; path = YoutubeTutorialTests.xctest; sourceTree = BUILT_PRODUCTS_DIR; };
		D682F765298117540053A5FE /* YoutubeTutorialTests.swift */ = {isa = PBXFileReference; lastKnownFileType = sourcecode.swift; path = YoutubeTutorialTests.swift; sourceTree = "<group>"; };
		D682F76B298117540053A5FE /* YoutubeTutorialUITests.xctest */ = {isa = PBXFileReference; explicitFileType = wrapper.cfbundle; includeInIndex = 0; path = YoutubeTutorialUITests.xctest; sourceTree = BUILT_PRODUCTS_DIR; };
		D682F76F298117540053A5FE /* YoutubeTutorialUITests.swift */ = {isa = PBXFileReference; lastKnownFileType = sourcecode.swift; path = YoutubeTutorialUITests.swift; sourceTree = "<group>"; };
		D682F771298117540053A5FE /* YoutubeTutorialUITestsLaunchTests.swift */ = {isa = PBXFileReference; lastKnownFileType = sourcecode.swift; path = YoutubeTutorialUITestsLaunchTests.swift; sourceTree = "<group>"; };
		D682F77E298128F60053A5FE /* UICollectionView+Extensions.swift */ = {isa = PBXFileReference; lastKnownFileType = sourcecode.swift; path = "UICollectionView+Extensions.swift"; sourceTree = "<group>"; };
		D682F7802981291C0053A5FE /* Identifiable+Extensions.swift */ = {isa = PBXFileReference; lastKnownFileType = sourcecode.swift; path = "Identifiable+Extensions.swift"; sourceTree = "<group>"; };
		D682F7822981295A0053A5FE /* UIView+Extensions.swift */ = {isa = PBXFileReference; lastKnownFileType = sourcecode.swift; path = "UIView+Extensions.swift"; sourceTree = "<group>"; };
		D682F78429813BBF0053A5FE /* UIEdgeInsets+Extensions.swift */ = {isa = PBXFileReference; lastKnownFileType = sourcecode.swift; path = "UIEdgeInsets+Extensions.swift"; sourceTree = "<group>"; };
		D68C810C29A897B6002FF4EF /* Float64+Extensions.swift */ = {isa = PBXFileReference; lastKnownFileType = sourcecode.swift; path = "Float64+Extensions.swift"; sourceTree = "<group>"; };
		D68C811529A9A996002FF4EF /* AppUtility.swift */ = {isa = PBXFileReference; lastKnownFileType = sourcecode.swift; path = AppUtility.swift; sourceTree = "<group>"; };
		D6A8DC4F298A353500DA16BD /* home.json */ = {isa = PBXFileReference; fileEncoding = 4; lastKnownFileType = text.json; path = home.json; sourceTree = "<group>"; };
		D6A8DC51298A356700DA16BD /* NetworkManager.swift */ = {isa = PBXFileReference; lastKnownFileType = sourcecode.swift; path = NetworkManager.swift; sourceTree = "<group>"; };
		D6BAAF2129A37BFE0056E8C0 /* PreviousValueOperator.swift */ = {isa = PBXFileReference; lastKnownFileType = sourcecode.swift; path = PreviousValueOperator.swift; sourceTree = "<group>"; };
		D6BAAF2429A56CDC0056E8C0 /* AsyncImageView.swift */ = {isa = PBXFileReference; lastKnownFileType = sourcecode.swift; path = AsyncImageView.swift; sourceTree = "<group>"; };
		D6BAAF2729A57D280056E8C0 /* VideoCellLoading.swift */ = {isa = PBXFileReference; fileEncoding = 4; lastKnownFileType = sourcecode.swift; path = VideoCellLoading.swift; sourceTree = "<group>"; };
		D6BAAF2A29A5CDCC0056E8C0 /* CancelOperator.swift */ = {isa = PBXFileReference; lastKnownFileType = sourcecode.swift; path = CancelOperator.swift; sourceTree = "<group>"; };
		D6F9C07529B1E315005C813F /* NotificationName.swift */ = {isa = PBXFileReference; lastKnownFileType = sourcecode.swift; path = NotificationName.swift; sourceTree = "<group>"; };
		D6F9C07929B1F57E005C813F /* MainNavigationController.swift */ = {isa = PBXFileReference; lastKnownFileType = sourcecode.swift; path = MainNavigationController.swift; sourceTree = "<group>"; };
		D6F9C07B29B1F600005C813F /* UINavigationController+Extensions.swift */ = {isa = PBXFileReference; lastKnownFileType = sourcecode.swift; path = "UINavigationController+Extensions.swift"; sourceTree = "<group>"; };
		D6F9C07E29B5E031005C813F /* VideoButtonType.swift */ = {isa = PBXFileReference; lastKnownFileType = sourcecode.swift; path = VideoButtonType.swift; sourceTree = "<group>"; };
		D6F9C08129B5F80F005C813F /* LockButton.swift */ = {isa = PBXFileReference; lastKnownFileType = sourcecode.swift; path = LockButton.swift; sourceTree = "<group>"; };
		D6F9C08329BB01CF005C813F /* VideoButton.swift */ = {isa = PBXFileReference; lastKnownFileType = sourcecode.swift; path = VideoButton.swift; sourceTree = "<group>"; };
		D6F9C08529BB4A2E005C813F /* PlaybackSpeedView.swift */ = {isa = PBXFileReference; lastKnownFileType = sourcecode.swift; path = PlaybackSpeedView.swift; sourceTree = "<group>"; };
/* End PBXFileReference section */

/* Begin PBXFrameworksBuildPhase section */
		D682F748298117530053A5FE /* Frameworks */ = {
			isa = PBXFrameworksBuildPhase;
			buildActionMask = 2147483647;
			files = (
			);
			runOnlyForDeploymentPostprocessing = 0;
		};
		D682F75E298117540053A5FE /* Frameworks */ = {
			isa = PBXFrameworksBuildPhase;
			buildActionMask = 2147483647;
			files = (
			);
			runOnlyForDeploymentPostprocessing = 0;
		};
		D682F768298117540053A5FE /* Frameworks */ = {
			isa = PBXFrameworksBuildPhase;
			buildActionMask = 2147483647;
			files = (
			);
			runOnlyForDeploymentPostprocessing = 0;
		};
/* End PBXFrameworksBuildPhase section */

/* Begin PBXGroup section */
		D63258FC298A6240006363CF /* VideoCell */ = {
			isa = PBXGroup;
			children = (
				D6BAAF2729A57D280056E8C0 /* VideoCellLoading.swift */,
				D63258FD298A6765006363CF /* VideoCellContent.swift */,
			);
			path = VideoCell;
			sourceTree = "<group>";
		};
		D63258FF298A7274006363CF /* MenuBar */ = {
			isa = PBXGroup;
			children = (
				D635AE4529896143000B5659 /* MenuBar.swift */,
				D635AE4729896C30000B5659 /* MenuCell.swift */,
			);
			path = MenuBar;
			sourceTree = "<group>";
		};
		D634D1FC298C00C2002BCF24 /* Extensions */ = {
			isa = PBXGroup;
			children = (
				D682F77E298128F60053A5FE /* UICollectionView+Extensions.swift */,
				D682F7802981291C0053A5FE /* Identifiable+Extensions.swift */,
				D682F7822981295A0053A5FE /* UIView+Extensions.swift */,
				D682F78429813BBF0053A5FE /* UIEdgeInsets+Extensions.swift */,
				D651874F29888A3600362A46 /* UIColor+Extensions.swift */,
				D635AE4E29897FA2000B5659 /* Collection+Extensions.swift */,
				D635AE5229899128000B5659 /* Date+Extensions.swift */,
				D634D219298C1608002BCF24 /* HTTPURLResponse+Extensions.swift */,
				D648638D29999E92007DA5B4 /* TimeInterval+Extensions.swift */,
				D6BAAF2429A56CDC0056E8C0 /* AsyncImageView.swift */,
				D68C810C29A897B6002FF4EF /* Float64+Extensions.swift */,
				D6F9C07529B1E315005C813F /* NotificationName.swift */,
				D6F9C07B29B1F600005C813F /* UINavigationController+Extensions.swift */,
			);
			path = Extensions;
			sourceTree = "<group>";
		};
		D634D1FD298C00D2002BCF24 /* NetworkManager */ = {
			isa = PBXGroup;
			children = (
				D6A8DC4F298A353500DA16BD /* home.json */,
				D6A8DC51298A356700DA16BD /* NetworkManager.swift */,
				D634D217298C15ED002BCF24 /* NetworkError.swift */,
				D648638B29999349007DA5B4 /* EndPoint.swift */,
			);
			path = NetworkManager;
			sourceTree = "<group>";
		};
		D634D1FE298C00DA002BCF24 /* Combines */ = {
			isa = PBXGroup;
			children = (
				D64D8AB5299AD67D00F2FAC1 /* VideoPlayer */,
				D634D20F298C0D60002BCF24 /* BarButton */,
				D634D208298C07B9002BCF24 /* Control */,
				D634D207298C07B2002BCF24 /* Gesture */,
				D66A953A2990EDF8003D2B6B /* Map */,
				D6BAAF2329A37C130056E8C0 /* Operators */,
			);
			path = Combines;
			sourceTree = "<group>";
		};
		D634D207298C07B2002BCF24 /* Gesture */ = {
			isa = PBXGroup;
			children = (
				D634D1FF298C00F9002BCF24 /* GesturePublisher.swift */,
				D634D203298C02E2002BCF24 /* GestureSubscription.swift */,
				D634D201298C011A002BCF24 /* GestureType.swift */,
				D634D205298C0597002BCF24 /* GesturePublisherImplementations.swift */,
			);
			path = Gesture;
			sourceTree = "<group>";
		};
		D634D208298C07B9002BCF24 /* Control */ = {
			isa = PBXGroup;
			children = (
				D634D209298C07D8002BCF24 /* ControlSubscription.swift */,
				D634D20B298C0990002BCF24 /* ControlPublisher.swift */,
				D634D20D298C0AF3002BCF24 /* ControlPublisherImplementations.swift */,
			);
			path = Control;
			sourceTree = "<group>";
		};
		D634D20F298C0D60002BCF24 /* BarButton */ = {
			isa = PBXGroup;
			children = (
				D634D210298C0D82002BCF24 /* BarButtonSubscription.swift */,
				D634D212298C0F52002BCF24 /* BarButtonPublisher.swift */,
				D634D214298C0FC8002BCF24 /* BarButtonPublisherImplementations.swift */,
			);
			path = BarButton;
			sourceTree = "<group>";
		};
		D634D216298C151F002BCF24 /* Cores */ = {
			isa = PBXGroup;
			children = (
				D682F75C298117540053A5FE /* Info.plist */,
				D682F74E298117530053A5FE /* AppDelegate.swift */,
				D682F750298117530053A5FE /* SceneDelegate.swift */,
				D682F757298117540053A5FE /* Assets.xcassets */,
				D682F759298117540053A5FE /* LaunchScreen.storyboard */,
			);
			path = Cores;
			sourceTree = "<group>";
		};
		D634D21D298C685A002BCF24 /* Content */ = {
			isa = PBXGroup;
			children = (
				D634D21E298C6863002BCF24 /* FeedCell.swift */,
				D66A95322990E5CA003D2B6B /* TrendingCell.swift */,
				D66A95342990E5E3003D2B6B /* SubscriptionsCell.swift */,
				D66A95362990E5ED003D2B6B /* AccountCell.swift */,
			);
			path = Content;
			sourceTree = "<group>";
		};
		D635AE4B29897D1D000B5659 /* Models */ = {
			isa = PBXGroup;
			children = (
				D635AE4C29897D2D000B5659 /* Video.swift */,
				D635AE502989832A000B5659 /* Channel.swift */,
				D634D1F8298BDF4F002BCF24 /* Setting.swift */,
				D634D21B298C1666002BCF24 /* Menu.swift */,
			);
			path = Models;
			sourceTree = "<group>";
		};
		D63D2487298AF9AD006FCDA3 /* Setting */ = {
			isa = PBXGroup;
			children = (
				D63D2485298AF828006FCDA3 /* SettingView.swift */,
				D63D2488298AFB7F006FCDA3 /* SettingCell.swift */,
			);
			path = Setting;
			sourceTree = "<group>";
		};
		D64D8AB2299AB5AC00F2FAC1 /* VideoManager */ = {
			isa = PBXGroup;
			children = (
				D6F9C08029B5F801005C813F /* Buttons */,
				D64D8AB0299AB58B00F2FAC1 /* VideoView.swift */,
				D64D8AB3299ACC2700F2FAC1 /* VideoPlayerView.swift */,
				D64D8ABC299ADFAA00F2FAC1 /* VideoControlView.swift */,
				D6F9C07E29B5E031005C813F /* VideoButtonType.swift */,
				D6F9C08529BB4A2E005C813F /* PlaybackSpeedView.swift */,
			);
			path = VideoManager;
			sourceTree = "<group>";
		};
		D64D8AB5299AD67D00F2FAC1 /* VideoPlayer */ = {
			isa = PBXGroup;
			children = (
				D64D8AB6299AD69E00F2FAC1 /* VideoPlayerPublisher.swift */,
				D64D8AB8299AD79200F2FAC1 /* VideoPlayerSubscriptions.swift */,
				D64D8ABA299ADC2000F2FAC1 /* VideoPlayerPublisherImplementations.swift */,
			);
			path = VideoPlayer;
			sourceTree = "<group>";
		};
		D651874A298888C800362A46 /* Helpers */ = {
			isa = PBXGroup;
			children = (
				D634D1FE298C00DA002BCF24 /* Combines */,
				D634D1FC298C00C2002BCF24 /* Extensions */,
				D634D1FD298C00D2002BCF24 /* NetworkManager */,
				D6F9C07D29B1F7D2005C813F /* Utility */,
				D64D8AB2299AB5AC00F2FAC1 /* VideoManager */,
			);
			path = Helpers;
			sourceTree = "<group>";
		};
		D651874D2988893D00362A46 /* Views */ = {
			isa = PBXGroup;
			children = (
				D6BAAF1E29A3668D0056E8C0 /* Base */,
				D634D21D298C685A002BCF24 /* Content */,
				D63258FF298A7274006363CF /* MenuBar */,
				D63D2487298AF9AD006FCDA3 /* Setting */,
				D63258FC298A6240006363CF /* VideoCell */,
			);
			path = Views;
			sourceTree = "<group>";
		};
		D651874E2988896D00362A46 /* Controllers */ = {
			isa = PBXGroup;
			children = (
				D648638F2999B964007DA5B4 /* DiffableCollection.swift */,
				D682F752298117530053A5FE /* HomeController.swift */,
				D6F9C07929B1F57E005C813F /* MainNavigationController.swift */,
				D63D2483298AD300006FCDA3 /* ModalController.swift */,
				D634D1FA298BEFB0002BCF24 /* SettingController.swift */,
			);
			path = Controllers;
			sourceTree = "<group>";
		};
		D66A953A2990EDF8003D2B6B /* Map */ = {
			isa = PBXGroup;
			children = (
				D66A95382990EDF4003D2B6B /* Publisher+Extensions.swift */,
			);
			path = Map;
			sourceTree = "<group>";
		};
		D682F742298117530053A5FE = {
			isa = PBXGroup;
			children = (
				D682F74D298117530053A5FE /* YoutubeTutorial */,
				D682F764298117540053A5FE /* YoutubeTutorialTests */,
				D682F76E298117540053A5FE /* YoutubeTutorialUITests */,
				D682F74C298117530053A5FE /* Products */,
			);
			sourceTree = "<group>";
		};
		D682F74C298117530053A5FE /* Products */ = {
			isa = PBXGroup;
			children = (
				D682F74B298117530053A5FE /* YoutubeTutorial.app */,
				D682F761298117540053A5FE /* YoutubeTutorialTests.xctest */,
				D682F76B298117540053A5FE /* YoutubeTutorialUITests.xctest */,
			);
			name = Products;
			sourceTree = "<group>";
		};
		D682F74D298117530053A5FE /* YoutubeTutorial */ = {
			isa = PBXGroup;
			children = (
				D651874E2988896D00362A46 /* Controllers */,
				D634D216298C151F002BCF24 /* Cores */,
				D651874A298888C800362A46 /* Helpers */,
				D635AE4B29897D1D000B5659 /* Models */,
				D651874D2988893D00362A46 /* Views */,
			);
			path = YoutubeTutorial;
			sourceTree = "<group>";
		};
		D682F764298117540053A5FE /* YoutubeTutorialTests */ = {
			isa = PBXGroup;
			children = (
				D682F765298117540053A5FE /* YoutubeTutorialTests.swift */,
			);
			path = YoutubeTutorialTests;
			sourceTree = "<group>";
		};
		D682F76E298117540053A5FE /* YoutubeTutorialUITests */ = {
			isa = PBXGroup;
			children = (
				D682F76F298117540053A5FE /* YoutubeTutorialUITests.swift */,
				D682F771298117540053A5FE /* YoutubeTutorialUITestsLaunchTests.swift */,
			);
			path = YoutubeTutorialUITests;
			sourceTree = "<group>";
		};
		D6BAAF1E29A3668D0056E8C0 /* Base */ = {
			isa = PBXGroup;
			children = (
				D635AE4929896C9C000B5659 /* BaseCell.swift */,
				D63258F8298A57C6006363CF /* ShimmerView.swift */,
			);
			path = Base;
			sourceTree = "<group>";
		};
		D6BAAF2329A37C130056E8C0 /* Operators */ = {
			isa = PBXGroup;
			children = (
				D6BAAF2129A37BFE0056E8C0 /* PreviousValueOperator.swift */,
				D6BAAF2A29A5CDCC0056E8C0 /* CancelOperator.swift */,
			);
			path = Operators;
			sourceTree = "<group>";
		};
		D6F9C07D29B1F7D2005C813F /* Utility */ = {
			isa = PBXGroup;
			children = (
				D68C811529A9A996002FF4EF /* AppUtility.swift */,
			);
			path = Utility;
			sourceTree = "<group>";
		};
		D6F9C08029B5F801005C813F /* Buttons */ = {
			isa = PBXGroup;
			children = (
				D6F9C08129B5F80F005C813F /* LockButton.swift */,
				D6F9C08329BB01CF005C813F /* VideoButton.swift */,
			);
			path = Buttons;
			sourceTree = "<group>";
		};
/* End PBXGroup section */

/* Begin PBXNativeTarget section */
		D682F74A298117530053A5FE /* YoutubeTutorial */ = {
			isa = PBXNativeTarget;
			buildConfigurationList = D682F775298117540053A5FE /* Build configuration list for PBXNativeTarget "YoutubeTutorial" */;
			buildPhases = (
				D682F747298117530053A5FE /* Sources */,
				D682F748298117530053A5FE /* Frameworks */,
				D682F749298117530053A5FE /* Resources */,
			);
			buildRules = (
			);
			dependencies = (
			);
			name = YoutubeTutorial;
			productName = YoutubeTutorial;
			productReference = D682F74B298117530053A5FE /* YoutubeTutorial.app */;
			productType = "com.apple.product-type.application";
		};
		D682F760298117540053A5FE /* YoutubeTutorialTests */ = {
			isa = PBXNativeTarget;
			buildConfigurationList = D682F778298117540053A5FE /* Build configuration list for PBXNativeTarget "YoutubeTutorialTests" */;
			buildPhases = (
				D682F75D298117540053A5FE /* Sources */,
				D682F75E298117540053A5FE /* Frameworks */,
				D682F75F298117540053A5FE /* Resources */,
			);
			buildRules = (
			);
			dependencies = (
				D682F763298117540053A5FE /* PBXTargetDependency */,
			);
			name = YoutubeTutorialTests;
			productName = YoutubeTutorialTests;
			productReference = D682F761298117540053A5FE /* YoutubeTutorialTests.xctest */;
			productType = "com.apple.product-type.bundle.unit-test";
		};
		D682F76A298117540053A5FE /* YoutubeTutorialUITests */ = {
			isa = PBXNativeTarget;
			buildConfigurationList = D682F77B298117540053A5FE /* Build configuration list for PBXNativeTarget "YoutubeTutorialUITests" */;
			buildPhases = (
				D682F767298117540053A5FE /* Sources */,
				D682F768298117540053A5FE /* Frameworks */,
				D682F769298117540053A5FE /* Resources */,
			);
			buildRules = (
			);
			dependencies = (
				D682F76D298117540053A5FE /* PBXTargetDependency */,
			);
			name = YoutubeTutorialUITests;
			productName = YoutubeTutorialUITests;
			productReference = D682F76B298117540053A5FE /* YoutubeTutorialUITests.xctest */;
			productType = "com.apple.product-type.bundle.ui-testing";
		};
/* End PBXNativeTarget section */

/* Begin PBXProject section */
		D682F743298117530053A5FE /* Project object */ = {
			isa = PBXProject;
			attributes = {
				BuildIndependentTargetsInParallel = 1;
				LastSwiftUpdateCheck = 1420;
				LastUpgradeCheck = 1420;
				TargetAttributes = {
					D682F74A298117530053A5FE = {
						CreatedOnToolsVersion = 14.2;
					};
					D682F760298117540053A5FE = {
						CreatedOnToolsVersion = 14.2;
						TestTargetID = D682F74A298117530053A5FE;
					};
					D682F76A298117540053A5FE = {
						CreatedOnToolsVersion = 14.2;
						TestTargetID = D682F74A298117530053A5FE;
					};
				};
			};
			buildConfigurationList = D682F746298117530053A5FE /* Build configuration list for PBXProject "YoutubeTutorial" */;
			compatibilityVersion = "Xcode 14.0";
			developmentRegion = en;
			hasScannedForEncodings = 0;
			knownRegions = (
				en,
				Base,
			);
			mainGroup = D682F742298117530053A5FE;
			productRefGroup = D682F74C298117530053A5FE /* Products */;
			projectDirPath = "";
			projectRoot = "";
			targets = (
				D682F74A298117530053A5FE /* YoutubeTutorial */,
				D682F760298117540053A5FE /* YoutubeTutorialTests */,
				D682F76A298117540053A5FE /* YoutubeTutorialUITests */,
			);
		};
/* End PBXProject section */

/* Begin PBXResourcesBuildPhase section */
		D682F749298117530053A5FE /* Resources */ = {
			isa = PBXResourcesBuildPhase;
			buildActionMask = 2147483647;
			files = (
				D682F75B298117540053A5FE /* LaunchScreen.storyboard in Resources */,
				D6A8DC50298A353500DA16BD /* home.json in Resources */,
				D682F758298117540053A5FE /* Assets.xcassets in Resources */,
			);
			runOnlyForDeploymentPostprocessing = 0;
		};
		D682F75F298117540053A5FE /* Resources */ = {
			isa = PBXResourcesBuildPhase;
			buildActionMask = 2147483647;
			files = (
			);
			runOnlyForDeploymentPostprocessing = 0;
		};
		D682F769298117540053A5FE /* Resources */ = {
			isa = PBXResourcesBuildPhase;
			buildActionMask = 2147483647;
			files = (
			);
			runOnlyForDeploymentPostprocessing = 0;
		};
/* End PBXResourcesBuildPhase section */

/* Begin PBXSourcesBuildPhase section */
		D682F747298117530053A5FE /* Sources */ = {
			isa = PBXSourcesBuildPhase;
			buildActionMask = 2147483647;
			files = (
				D63258FE298A6765006363CF /* VideoCellContent.swift in Sources */,
				D634D20A298C07D8002BCF24 /* ControlSubscription.swift in Sources */,
				D634D20E298C0AF3002BCF24 /* ControlPublisherImplementations.swift in Sources */,
				D682F7832981295A0053A5FE /* UIView+Extensions.swift in Sources */,
				D635AE512989832A000B5659 /* Channel.swift in Sources */,
				D66A95372990E5ED003D2B6B /* AccountCell.swift in Sources */,
				D648638E29999E92007DA5B4 /* TimeInterval+Extensions.swift in Sources */,
				D682F77F298128F60053A5FE /* UICollectionView+Extensions.swift in Sources */,
				D634D202298C011A002BCF24 /* GestureType.swift in Sources */,
				D682F78529813BBF0053A5FE /* UIEdgeInsets+Extensions.swift in Sources */,
				D634D200298C00F9002BCF24 /* GesturePublisher.swift in Sources */,
				D63D2484298AD300006FCDA3 /* ModalController.swift in Sources */,
				D6F9C08229B5F80F005C813F /* LockButton.swift in Sources */,
				D634D215298C0FC8002BCF24 /* BarButtonPublisherImplementations.swift in Sources */,
				D635AE4A29896C9C000B5659 /* BaseCell.swift in Sources */,
				D635AE4629896143000B5659 /* MenuBar.swift in Sources */,
				D66A95392990EDF4003D2B6B /* Publisher+Extensions.swift in Sources */,
				D634D21F298C6863002BCF24 /* FeedCell.swift in Sources */,
				D6BAAF2929A57D280056E8C0 /* VideoCellLoading.swift in Sources */,
				D63258F9298A57C6006363CF /* ShimmerView.swift in Sources */,
				D6F9C07629B1E315005C813F /* NotificationName.swift in Sources */,
				D634D1FB298BEFB0002BCF24 /* SettingController.swift in Sources */,
				D635AE4829896C30000B5659 /* MenuCell.swift in Sources */,
				D682F753298117530053A5FE /* HomeController.swift in Sources */,
				D635AE5329899128000B5659 /* Date+Extensions.swift in Sources */,
				D64D8AB9299AD79200F2FAC1 /* VideoPlayerSubscriptions.swift in Sources */,
				D63D2489298AFB7F006FCDA3 /* SettingCell.swift in Sources */,
				D634D1F9298BDF4F002BCF24 /* Setting.swift in Sources */,
				D682F7812981291C0053A5FE /* Identifiable+Extensions.swift in Sources */,
				D635AE4F29897FA2000B5659 /* Collection+Extensions.swift in Sources */,
				D648638C29999349007DA5B4 /* EndPoint.swift in Sources */,
				D6BAAF2B29A5CDCC0056E8C0 /* CancelOperator.swift in Sources */,
				D6F9C07C29B1F600005C813F /* UINavigationController+Extensions.swift in Sources */,
				D634D21A298C1608002BCF24 /* HTTPURLResponse+Extensions.swift in Sources */,
				D6BAAF2529A56CDC0056E8C0 /* AsyncImageView.swift in Sources */,
				D634D20C298C0990002BCF24 /* ControlPublisher.swift in Sources */,
				D64D8ABB299ADC2000F2FAC1 /* VideoPlayerPublisherImplementations.swift in Sources */,
				D64D8AB7299AD69E00F2FAC1 /* VideoPlayerPublisher.swift in Sources */,
				D6A8DC52298A356700DA16BD /* NetworkManager.swift in Sources */,
				D634D211298C0D82002BCF24 /* BarButtonSubscription.swift in Sources */,
				D64D8AB1299AB58B00F2FAC1 /* VideoView.swift in Sources */,
				D635AE4D29897D2D000B5659 /* Video.swift in Sources */,
				D6BAAF2229A37BFE0056E8C0 /* PreviousValueOperator.swift in Sources */,
				D634D206298C0597002BCF24 /* GesturePublisherImplementations.swift in Sources */,
				D68C810D29A897B6002FF4EF /* Float64+Extensions.swift in Sources */,
				D634D21C298C1666002BCF24 /* Menu.swift in Sources */,
				D66A95332990E5CA003D2B6B /* TrendingCell.swift in Sources */,
				D6F9C08429BB01CF005C813F /* VideoButton.swift in Sources */,
				D682F74F298117530053A5FE /* AppDelegate.swift in Sources */,
				D68C811629A9A996002FF4EF /* AppUtility.swift in Sources */,
				D64D8ABD299ADFAA00F2FAC1 /* VideoControlView.swift in Sources */,
				D634D204298C02E2002BCF24 /* GestureSubscription.swift in Sources */,
				D6F9C07A29B1F57E005C813F /* MainNavigationController.swift in Sources */,
				D651875029888A3600362A46 /* UIColor+Extensions.swift in Sources */,
				D64863902999B964007DA5B4 /* DiffableCollection.swift in Sources */,
				D682F751298117530053A5FE /* SceneDelegate.swift in Sources */,
				D6F9C08629BB4A2E005C813F /* PlaybackSpeedView.swift in Sources */,
				D66A95352990E5E3003D2B6B /* SubscriptionsCell.swift in Sources */,
				D634D218298C15ED002BCF24 /* NetworkError.swift in Sources */,
				D634D213298C0F52002BCF24 /* BarButtonPublisher.swift in Sources */,
				D63D2486298AF828006FCDA3 /* SettingView.swift in Sources */,
				D64D8AB4299ACC2700F2FAC1 /* VideoPlayerView.swift in Sources */,
				D6F9C07F29B5E031005C813F /* VideoButtonType.swift in Sources */,
			);
			runOnlyForDeploymentPostprocessing = 0;
		};
		D682F75D298117540053A5FE /* Sources */ = {
			isa = PBXSourcesBuildPhase;
			buildActionMask = 2147483647;
			files = (
				D682F766298117540053A5FE /* YoutubeTutorialTests.swift in Sources */,
			);
			runOnlyForDeploymentPostprocessing = 0;
		};
		D682F767298117540053A5FE /* Sources */ = {
			isa = PBXSourcesBuildPhase;
			buildActionMask = 2147483647;
			files = (
				D682F772298117540053A5FE /* YoutubeTutorialUITestsLaunchTests.swift in Sources */,
				D682F770298117540053A5FE /* YoutubeTutorialUITests.swift in Sources */,
			);
			runOnlyForDeploymentPostprocessing = 0;
		};
/* End PBXSourcesBuildPhase section */

/* Begin PBXTargetDependency section */
		D682F763298117540053A5FE /* PBXTargetDependency */ = {
			isa = PBXTargetDependency;
			target = D682F74A298117530053A5FE /* YoutubeTutorial */;
			targetProxy = D682F762298117540053A5FE /* PBXContainerItemProxy */;
		};
		D682F76D298117540053A5FE /* PBXTargetDependency */ = {
			isa = PBXTargetDependency;
			target = D682F74A298117530053A5FE /* YoutubeTutorial */;
			targetProxy = D682F76C298117540053A5FE /* PBXContainerItemProxy */;
		};
/* End PBXTargetDependency section */

/* Begin PBXVariantGroup section */
		D682F759298117540053A5FE /* LaunchScreen.storyboard */ = {
			isa = PBXVariantGroup;
			children = (
				D682F75A298117540053A5FE /* Base */,
			);
			name = LaunchScreen.storyboard;
			sourceTree = "<group>";
		};
/* End PBXVariantGroup section */

/* Begin XCBuildConfiguration section */
		D682F773298117540053A5FE /* Debug */ = {
			isa = XCBuildConfiguration;
			buildSettings = {
				ALWAYS_SEARCH_USER_PATHS = NO;
				CLANG_ANALYZER_NONNULL = YES;
				CLANG_ANALYZER_NUMBER_OBJECT_CONVERSION = YES_AGGRESSIVE;
				CLANG_CXX_LANGUAGE_STANDARD = "gnu++20";
				CLANG_ENABLE_MODULES = YES;
				CLANG_ENABLE_OBJC_ARC = YES;
				CLANG_ENABLE_OBJC_WEAK = YES;
				CLANG_WARN_BLOCK_CAPTURE_AUTORELEASING = YES;
				CLANG_WARN_BOOL_CONVERSION = YES;
				CLANG_WARN_COMMA = YES;
				CLANG_WARN_CONSTANT_CONVERSION = YES;
				CLANG_WARN_DEPRECATED_OBJC_IMPLEMENTATIONS = YES;
				CLANG_WARN_DIRECT_OBJC_ISA_USAGE = YES_ERROR;
				CLANG_WARN_DOCUMENTATION_COMMENTS = YES;
				CLANG_WARN_EMPTY_BODY = YES;
				CLANG_WARN_ENUM_CONVERSION = YES;
				CLANG_WARN_INFINITE_RECURSION = YES;
				CLANG_WARN_INT_CONVERSION = YES;
				CLANG_WARN_NON_LITERAL_NULL_CONVERSION = YES;
				CLANG_WARN_OBJC_IMPLICIT_RETAIN_SELF = YES;
				CLANG_WARN_OBJC_LITERAL_CONVERSION = YES;
				CLANG_WARN_OBJC_ROOT_CLASS = YES_ERROR;
				CLANG_WARN_QUOTED_INCLUDE_IN_FRAMEWORK_HEADER = YES;
				CLANG_WARN_RANGE_LOOP_ANALYSIS = YES;
				CLANG_WARN_STRICT_PROTOTYPES = YES;
				CLANG_WARN_SUSPICIOUS_MOVE = YES;
				CLANG_WARN_UNGUARDED_AVAILABILITY = YES_AGGRESSIVE;
				CLANG_WARN_UNREACHABLE_CODE = YES;
				CLANG_WARN__DUPLICATE_METHOD_MATCH = YES;
				COPY_PHASE_STRIP = NO;
				DEBUG_INFORMATION_FORMAT = dwarf;
				ENABLE_STRICT_OBJC_MSGSEND = YES;
				ENABLE_TESTABILITY = YES;
				GCC_C_LANGUAGE_STANDARD = gnu11;
				GCC_DYNAMIC_NO_PIC = NO;
				GCC_NO_COMMON_BLOCKS = YES;
				GCC_OPTIMIZATION_LEVEL = 0;
				GCC_PREPROCESSOR_DEFINITIONS = (
					"DEBUG=1",
					"$(inherited)",
				);
				GCC_WARN_64_TO_32_BIT_CONVERSION = YES;
				GCC_WARN_ABOUT_RETURN_TYPE = YES_ERROR;
				GCC_WARN_UNDECLARED_SELECTOR = YES;
				GCC_WARN_UNINITIALIZED_AUTOS = YES_AGGRESSIVE;
				GCC_WARN_UNUSED_FUNCTION = YES;
				GCC_WARN_UNUSED_VARIABLE = YES;
				IPHONEOS_DEPLOYMENT_TARGET = 16.2;
				MTL_ENABLE_DEBUG_INFO = INCLUDE_SOURCE;
				MTL_FAST_MATH = YES;
				ONLY_ACTIVE_ARCH = YES;
				SDKROOT = iphoneos;
				SWIFT_ACTIVE_COMPILATION_CONDITIONS = DEBUG;
				SWIFT_OPTIMIZATION_LEVEL = "-Onone";
			};
			name = Debug;
		};
		D682F774298117540053A5FE /* Release */ = {
			isa = XCBuildConfiguration;
			buildSettings = {
				ALWAYS_SEARCH_USER_PATHS = NO;
				CLANG_ANALYZER_NONNULL = YES;
				CLANG_ANALYZER_NUMBER_OBJECT_CONVERSION = YES_AGGRESSIVE;
				CLANG_CXX_LANGUAGE_STANDARD = "gnu++20";
				CLANG_ENABLE_MODULES = YES;
				CLANG_ENABLE_OBJC_ARC = YES;
				CLANG_ENABLE_OBJC_WEAK = YES;
				CLANG_WARN_BLOCK_CAPTURE_AUTORELEASING = YES;
				CLANG_WARN_BOOL_CONVERSION = YES;
				CLANG_WARN_COMMA = YES;
				CLANG_WARN_CONSTANT_CONVERSION = YES;
				CLANG_WARN_DEPRECATED_OBJC_IMPLEMENTATIONS = YES;
				CLANG_WARN_DIRECT_OBJC_ISA_USAGE = YES_ERROR;
				CLANG_WARN_DOCUMENTATION_COMMENTS = YES;
				CLANG_WARN_EMPTY_BODY = YES;
				CLANG_WARN_ENUM_CONVERSION = YES;
				CLANG_WARN_INFINITE_RECURSION = YES;
				CLANG_WARN_INT_CONVERSION = YES;
				CLANG_WARN_NON_LITERAL_NULL_CONVERSION = YES;
				CLANG_WARN_OBJC_IMPLICIT_RETAIN_SELF = YES;
				CLANG_WARN_OBJC_LITERAL_CONVERSION = YES;
				CLANG_WARN_OBJC_ROOT_CLASS = YES_ERROR;
				CLANG_WARN_QUOTED_INCLUDE_IN_FRAMEWORK_HEADER = YES;
				CLANG_WARN_RANGE_LOOP_ANALYSIS = YES;
				CLANG_WARN_STRICT_PROTOTYPES = YES;
				CLANG_WARN_SUSPICIOUS_MOVE = YES;
				CLANG_WARN_UNGUARDED_AVAILABILITY = YES_AGGRESSIVE;
				CLANG_WARN_UNREACHABLE_CODE = YES;
				CLANG_WARN__DUPLICATE_METHOD_MATCH = YES;
				COPY_PHASE_STRIP = NO;
				DEBUG_INFORMATION_FORMAT = "dwarf-with-dsym";
				ENABLE_NS_ASSERTIONS = NO;
				ENABLE_STRICT_OBJC_MSGSEND = YES;
				GCC_C_LANGUAGE_STANDARD = gnu11;
				GCC_NO_COMMON_BLOCKS = YES;
				GCC_WARN_64_TO_32_BIT_CONVERSION = YES;
				GCC_WARN_ABOUT_RETURN_TYPE = YES_ERROR;
				GCC_WARN_UNDECLARED_SELECTOR = YES;
				GCC_WARN_UNINITIALIZED_AUTOS = YES_AGGRESSIVE;
				GCC_WARN_UNUSED_FUNCTION = YES;
				GCC_WARN_UNUSED_VARIABLE = YES;
				IPHONEOS_DEPLOYMENT_TARGET = 16.2;
				MTL_ENABLE_DEBUG_INFO = NO;
				MTL_FAST_MATH = YES;
				SDKROOT = iphoneos;
				SWIFT_COMPILATION_MODE = wholemodule;
				SWIFT_OPTIMIZATION_LEVEL = "-O";
				VALIDATE_PRODUCT = YES;
			};
			name = Release;
		};
		D682F776298117540053A5FE /* Debug */ = {
			isa = XCBuildConfiguration;
			buildSettings = {
				ASSETCATALOG_COMPILER_APPICON_NAME = AppIcon;
				ASSETCATALOG_COMPILER_GLOBAL_ACCENT_COLOR_NAME = AccentColor;
				CODE_SIGN_STYLE = Automatic;
				CURRENT_PROJECT_VERSION = 1;
				DEVELOPMENT_TEAM = 5DY684J9X8;
				GENERATE_INFOPLIST_FILE = YES;
				INFOPLIST_FILE = YoutubeTutorial/Cores/Info.plist;
				INFOPLIST_KEY_LSApplicationCategoryType = "public.app-category.video";
				INFOPLIST_KEY_UIApplicationSupportsIndirectInputEvents = YES;
				INFOPLIST_KEY_UILaunchStoryboardName = LaunchScreen;
				INFOPLIST_KEY_UIMainStoryboardFile = "";
				INFOPLIST_KEY_UIRequiresFullScreen = YES;
				INFOPLIST_KEY_UIStatusBarStyle = "";
				INFOPLIST_KEY_UISupportedInterfaceOrientations = "UIInterfaceOrientationLandscapeLeft UIInterfaceOrientationLandscapeRight UIInterfaceOrientationPortrait";
				IPHONEOS_DEPLOYMENT_TARGET = 13.0;
				LD_RUNPATH_SEARCH_PATHS = (
					"$(inherited)",
					"@executable_path/Frameworks",
				);
				MARKETING_VERSION = 1.0;
				PRODUCT_BUNDLE_IDENTIFIER = com.dimasprabowo.YoutubeTutorial;
				PRODUCT_NAME = "$(TARGET_NAME)";
				SWIFT_EMIT_LOC_STRINGS = YES;
				SWIFT_VERSION = 5.0;
				TARGETED_DEVICE_FAMILY = "1,2";
			};
			name = Debug;
		};
		D682F777298117540053A5FE /* Release */ = {
			isa = XCBuildConfiguration;
			buildSettings = {
				ASSETCATALOG_COMPILER_APPICON_NAME = AppIcon;
				ASSETCATALOG_COMPILER_GLOBAL_ACCENT_COLOR_NAME = AccentColor;
				CODE_SIGN_STYLE = Automatic;
				CURRENT_PROJECT_VERSION = 1;
				DEVELOPMENT_TEAM = 5DY684J9X8;
				GENERATE_INFOPLIST_FILE = YES;
				INFOPLIST_FILE = YoutubeTutorial/Cores/Info.plist;
				INFOPLIST_KEY_LSApplicationCategoryType = "public.app-category.video";
				INFOPLIST_KEY_UIApplicationSupportsIndirectInputEvents = YES;
				INFOPLIST_KEY_UILaunchStoryboardName = LaunchScreen;
				INFOPLIST_KEY_UIMainStoryboardFile = "";
				INFOPLIST_KEY_UIRequiresFullScreen = YES;
				INFOPLIST_KEY_UIStatusBarStyle = "";
				INFOPLIST_KEY_UISupportedInterfaceOrientations = "UIInterfaceOrientationLandscapeLeft UIInterfaceOrientationLandscapeRight UIInterfaceOrientationPortrait";
				IPHONEOS_DEPLOYMENT_TARGET = 13.0;
				LD_RUNPATH_SEARCH_PATHS = (
					"$(inherited)",
					"@executable_path/Frameworks",
				);
				MARKETING_VERSION = 1.0;
				PRODUCT_BUNDLE_IDENTIFIER = com.dimasprabowo.YoutubeTutorial;
				PRODUCT_NAME = "$(TARGET_NAME)";
				SWIFT_EMIT_LOC_STRINGS = YES;
				SWIFT_VERSION = 5.0;
				TARGETED_DEVICE_FAMILY = "1,2";
			};
			name = Release;
		};
		D682F779298117540053A5FE /* Debug */ = {
			isa = XCBuildConfiguration;
			buildSettings = {
				ALWAYS_EMBED_SWIFT_STANDARD_LIBRARIES = YES;
				BUNDLE_LOADER = "$(TEST_HOST)";
				CODE_SIGN_STYLE = Automatic;
				CURRENT_PROJECT_VERSION = 1;
				DEVELOPMENT_TEAM = 5DY684J9X8;
				GENERATE_INFOPLIST_FILE = YES;
				IPHONEOS_DEPLOYMENT_TARGET = 16.2;
				MARKETING_VERSION = 1.0;
				PRODUCT_BUNDLE_IDENTIFIER = com.dimasprabowo.YoutubeTutorialTests;
				PRODUCT_NAME = "$(TARGET_NAME)";
				SWIFT_EMIT_LOC_STRINGS = NO;
				SWIFT_VERSION = 5.0;
				TARGETED_DEVICE_FAMILY = "1,2";
				TEST_HOST = "$(BUILT_PRODUCTS_DIR)/YoutubeTutorial.app/$(BUNDLE_EXECUTABLE_FOLDER_PATH)/YoutubeTutorial";
			};
			name = Debug;
		};
		D682F77A298117540053A5FE /* Release */ = {
			isa = XCBuildConfiguration;
			buildSettings = {
				ALWAYS_EMBED_SWIFT_STANDARD_LIBRARIES = YES;
				BUNDLE_LOADER = "$(TEST_HOST)";
				CODE_SIGN_STYLE = Automatic;
				CURRENT_PROJECT_VERSION = 1;
				DEVELOPMENT_TEAM = 5DY684J9X8;
				GENERATE_INFOPLIST_FILE = YES;
				IPHONEOS_DEPLOYMENT_TARGET = 16.2;
				MARKETING_VERSION = 1.0;
				PRODUCT_BUNDLE_IDENTIFIER = com.dimasprabowo.YoutubeTutorialTests;
				PRODUCT_NAME = "$(TARGET_NAME)";
				SWIFT_EMIT_LOC_STRINGS = NO;
				SWIFT_VERSION = 5.0;
				TARGETED_DEVICE_FAMILY = "1,2";
				TEST_HOST = "$(BUILT_PRODUCTS_DIR)/YoutubeTutorial.app/$(BUNDLE_EXECUTABLE_FOLDER_PATH)/YoutubeTutorial";
			};
			name = Release;
		};
		D682F77C298117540053A5FE /* Debug */ = {
			isa = XCBuildConfiguration;
			buildSettings = {
				ALWAYS_EMBED_SWIFT_STANDARD_LIBRARIES = YES;
				CODE_SIGN_STYLE = Automatic;
				CURRENT_PROJECT_VERSION = 1;
				DEVELOPMENT_TEAM = 5DY684J9X8;
				GENERATE_INFOPLIST_FILE = YES;
				MARKETING_VERSION = 1.0;
				PRODUCT_BUNDLE_IDENTIFIER = com.dimasprabowo.YoutubeTutorialUITests;
				PRODUCT_NAME = "$(TARGET_NAME)";
				SWIFT_EMIT_LOC_STRINGS = NO;
				SWIFT_VERSION = 5.0;
				TARGETED_DEVICE_FAMILY = "1,2";
				TEST_TARGET_NAME = YoutubeTutorial;
			};
			name = Debug;
		};
		D682F77D298117540053A5FE /* Release */ = {
			isa = XCBuildConfiguration;
			buildSettings = {
				ALWAYS_EMBED_SWIFT_STANDARD_LIBRARIES = YES;
				CODE_SIGN_STYLE = Automatic;
				CURRENT_PROJECT_VERSION = 1;
				DEVELOPMENT_TEAM = 5DY684J9X8;
				GENERATE_INFOPLIST_FILE = YES;
				MARKETING_VERSION = 1.0;
				PRODUCT_BUNDLE_IDENTIFIER = com.dimasprabowo.YoutubeTutorialUITests;
				PRODUCT_NAME = "$(TARGET_NAME)";
				SWIFT_EMIT_LOC_STRINGS = NO;
				SWIFT_VERSION = 5.0;
				TARGETED_DEVICE_FAMILY = "1,2";
				TEST_TARGET_NAME = YoutubeTutorial;
			};
			name = Release;
		};
/* End XCBuildConfiguration section */

/* Begin XCConfigurationList section */
		D682F746298117530053A5FE /* Build configuration list for PBXProject "YoutubeTutorial" */ = {
			isa = XCConfigurationList;
			buildConfigurations = (
				D682F773298117540053A5FE /* Debug */,
				D682F774298117540053A5FE /* Release */,
			);
			defaultConfigurationIsVisible = 0;
			defaultConfigurationName = Release;
		};
		D682F775298117540053A5FE /* Build configuration list for PBXNativeTarget "YoutubeTutorial" */ = {
			isa = XCConfigurationList;
			buildConfigurations = (
				D682F776298117540053A5FE /* Debug */,
				D682F777298117540053A5FE /* Release */,
			);
			defaultConfigurationIsVisible = 0;
			defaultConfigurationName = Release;
		};
		D682F778298117540053A5FE /* Build configuration list for PBXNativeTarget "YoutubeTutorialTests" */ = {
			isa = XCConfigurationList;
			buildConfigurations = (
				D682F779298117540053A5FE /* Debug */,
				D682F77A298117540053A5FE /* Release */,
			);
			defaultConfigurationIsVisible = 0;
			defaultConfigurationName = Release;
		};
		D682F77B298117540053A5FE /* Build configuration list for PBXNativeTarget "YoutubeTutorialUITests" */ = {
			isa = XCConfigurationList;
			buildConfigurations = (
				D682F77C298117540053A5FE /* Debug */,
				D682F77D298117540053A5FE /* Release */,
			);
			defaultConfigurationIsVisible = 0;
			defaultConfigurationName = Release;
		};
/* End XCConfigurationList section */
	};
	rootObject = D682F743298117530053A5FE /* Project object */;
}
